{
  "version": 1,
  "dependencies": {
    "net10.0": {
      "coverlet.collector": {
        "type": "Direct",
        "requested": "[6.0.4, )",
        "resolved": "6.0.4",
        "contentHash": "lkhqpF8Pu2Y7IiN7OntbsTtdbpR1syMsm2F3IgX6ootA4ffRqWL5jF7XipHuZQTdVuWG/gVAAcf8mjk8Tz0xPg=="
      },
      "FluentAssertions": {
        "type": "Direct",
        "requested": "[6.12.2, )",
        "resolved": "6.12.2",
        "contentHash": "8YE+xJmT8wgzEpFuzJ4S62oFhEL/AKouMz1RWPEMEUhy9H11aRQlGIWcHurH5BEy7tbF6gb0CJrs0wOw/AtDcQ==",
        "dependencies": {
          "System.Configuration.ConfigurationManager": "4.4.0"
        }
      },
      "Microsoft.EntityFrameworkCore.InMemory": {
        "type": "Direct",
        "requested": "[10.0.11, )",
        "resolved": "10.0.11",
        "contentHash": "QBMaEmLIAzUUnH7+1Vbui+9Ui0dSsglkKxjW4sofOHycB3218UrnrUzq+Y75syrR4krUCtY7loWKaVBOeU3qKw==",
        "dependencies": {
          "Microsoft.EntityFrameworkCore": "10.0.11",
          "Microsoft.Extensions.Caching.Memory": "10.0.11",
          "Microsoft.Extensions.Logging": "10.0.11"
        }
      },
      "Microsoft.EntityFrameworkCore.Sqlite": {
        "type": "Direct",
        "requested": "[10.0.11, )",
        "resolved": "10.0.11",
        "contentHash": "jc7iVrhQyInR3loraMESfEFaFOtQOB1mRKHjX6QYC9o7YDbfMNbAPnIwlpffnFwhXd6/27FKaaV+sWSoLd4F1g==",
        "dependencies": {
          "Microsoft.EntityFrameworkCore.Sqlite.Core": "10.0.11",
          "Microsoft.Extensions.Caching.Memory": "10.0.11",
          "Microsoft.Extensions.Configuration.Abstractions": "10.0.11",
          "Microsoft.Extensions.DependencyModel": "10.0.11",
          "Microsoft.Extensions.Logging": "10.0.11",
          "SQLitePCLRaw.bundle_e_sqlite3": "2.1.12",
          "SQLitePCLRaw.core": "2.1.12"
        }
      },
      "Microsoft.NET.Test.Sdk": {
        "type": "Direct",
        "requested": "[18.9.0, )",
        "resolved": "18.9.0",
        "contentHash": "xIzVXa/VpKXqDWzyC/5Hw8JbFY5u9k3Jc53CpcjBiOXvkQGio484LD9FNwOiGUSMDcYL3Rcw9sNgGi5WrswlPQ==",
        "dependencies": {
          "Microsoft.CodeCoverage": "18.9.0",
          "Microsoft.TestPlatform.TestHost": "18.9.0"
        }
      },
      "Moq": {
        "type": "Direct",
        "requested": "[4.20.72, )",
        "resolved": "4.20.72",
        "contentHash": "EA55cjyNn8eTNWrgrdZJH5QLFp2L43oxl1tlkoYUKIE9pRwL784OWiTXeCV5ApS+AMYEAlt7Fo03A2XfouvHmQ==",
        "dependencies": {
          "Castle.Core": "5.1.1"
        }
      },
      "SQLitePCLRaw.bundle_e_sqlite3": {
        "type": "Direct",
        "requested": "[3.0.5, )",
        "resolved": "3.0.5",
        "contentHash": "SW8iASIyWMrLzqabUHYQRvALhvD4ylSBsj4PgEVGwc36kQjc9xT5kSV/XQ9rU7nIpBWD+LPyX3Hlw5FzyUzGeQ==",
        "dependencies": {
          "SQLite": "3.53.4",
          "SQLitePCLRaw.config.e_sqlite3": "3.0.5"
        }
      },
      "SQLitePCLRaw.lib.e_sqlite3": {
        "type": "Direct",
        "requested": "[3.53.3, )",
        "resolved": "3.53.3",
        "contentHash": "ZXiSbBkrlw2Of/dBqny/qtQol7dlThrUD8zH/jkQicCFm2yn2BbhKsQW0+YHAzhANWz4ZJCz7gvo88BwluVhkA=="
      },
      "xunit": {
        "type": "Direct",
        "requested": "[2.9.3, )",
        "resolved": "2.9.3",
        "contentHash": "TlXQBinK35LpOPKHAqbLY4xlEen9TBafjs0V5KnA4wZsoQLQJiirCR4CbIXvOH8NzkW4YeJKP5P/Bnrodm0h9Q==",
        "dependencies": {
          "xunit.analyzers": "1.18.0",
          "xunit.assert": "2.9.3",
          "xunit.core": "[2.9.3]"
        }
      },
      "xunit.runner.visualstudio": {
        "type": "Direct",
        "requested": "[4.0.0, )",
        "resolved": "4.0.0",
        "contentHash": "kzLFyBYUnoidpGOXvpNOfIo8C92gVgVR6X8ncHwhcrDYugiOut5rrhDkr0L3cWHd7J2pKXf6LgaeXoBBDlx1ag=="
      },
      "Ardalis.Specification": {
        "type": "Transitive",
        "resolved": "9.3.1",
        "contentHash": "GWrE6BA0smWFLbN+XPU2l5rDF9Uzelfbb3w35jJ0CGIat+p1ChbtLcbkvYRMEculBHOAo12omwAAOm3VFWkoJQ=="
      },
      "Ardalis.Specification.EntityFrameworkCore": {
        "type": "Transitive",
        "resolved": "9.3.1",
        "contentHash": "QbOo4E6HWdKXZ9QUrqcgiGN4EKtzt0kzGzqr2zc32q5QESzBrceJ3GX1ymWVdCCOzJO1+GPm+/a/5ovSkfrLoQ==",
        "dependencies": {
          "Ardalis.Specification": "9.3.1",
          "Microsoft.EntityFrameworkCore": "9.0.8",
          "Microsoft.EntityFrameworkCore.Relational": "9.0.8"
        }
      },
      "Azure.AI.DocumentIntelligence": {
        "type": "Transitive",
        "resolved": "1.0.0",
        "contentHash": "RSpMmlRY5vvGy2TrAk4djJTqOsdHUunvhcSoSN+FJtexqZh6RFn+a2ylehIA/N+HV2IK0i+XK4VG3rDa8h2tsA==",
        "dependencies": {
          "Azure.Core": "1.44.1",
          "System.ClientModel": "1.2.1"
        }
      },
      "Azure.AI.OpenAI": {
        "type": "Transitive",
        "resolved": "2.1.0",
        "contentHash": "doixr3tcsIcdzbzF9NxKt+6U0NKj6aPeOCPYONPsWjyf3gxVndVJAdjPcVdqeR/3vcRHXRgGnGlv+iXx5jMA4g==",
        "dependencies": {
          "Azure.Core": "1.44.1",
          "OpenAI": "2.1.0"
        }
      },
      "Azure.Core": {
        "type": "Transitive",
        "resolved": "1.55.0",
        "contentHash": "c7femvYS/xEUrLP1sNZN+DoQZmx3X+G3ZXtOOz0RL/7cGMCM3JVqepVmRd3AwM4IK8AtTGS4GOigCO+d/zaSsQ==",
        "dependencies": {
          "Microsoft.Bcl.AsyncInterfaces": "10.0.3",
          "Microsoft.Extensions.Configuration.Abstractions": "10.0.3",
          "Microsoft.Extensions.Hosting.Abstractions": "10.0.3",
          "Microsoft.Identity.Client": "4.83.1",
          "Microsoft.Identity.Client.Extensions.Msal": "4.83.1",
          "System.ClientModel": "1.11.0",
          "System.Memory.Data": "10.0.3"
        }
      },
      "Azure.Identity": {
        "type": "Transitive",
        "resolved": "1.21.0",
        "contentHash": "GeFv8sGwRKvDKwI2WFy8r0mhmlxEVZg24Sit2NogTjiSO8RVjllWM65OT6e1sKjOvG8V74y7hAbaELUUPjZQSw==",
        "dependencies": {
          "Azure.Core": "1.53.0"
        }
      },
      "Azure.Search.Documents": {
        "type": "Transitive",
        "resolved": "11.7.0",
        "contentHash": "48yBLnsf8SSgowe/OQDCNg9+G9WjzRmLX6Bghjlshxu+5Mhh4maTXvSWKi4o568ZqV6GoOYhiKPbCm/QYoufwA==",
        "dependencies": {
          "Azure.Core": "1.49.0"
        }
      },
      "Azure.Storage.Blobs": {
        "type": "Transitive",
        "resolved": "12.29.2",
        "contentHash": "NeZmk7bphspT2BYn8XaNCTV4/9vQG+ea79F85MBTi2o2WiXIIJNsRBtFyeBrzK2HIk476rfSqLNwPt4vXgOEkQ==",
        "dependencies": {
          "Azure.Core": "1.55.0",
          "Azure.Storage.Common": "12.28.0"
        }
      },
      "Azure.Storage.Common": {
        "type": "Transitive",
        "resolved": "12.28.0",
        "contentHash": "5l8YhNrks38zKLGFW2BBFLwieyamH/xauABSASsdpZv79G0f+n2n22IjkRmUqCmALSupkwRHh2LOhbW3yj5Qgw==",
        "dependencies": {
          "Azure.Core": "1.55.0",
          "System.IO.Hashing": "10.0.3"
        }
      },
      "BCrypt.Net-Next": {
        "type": "Transitive",
        "resolved": "4.2.0",
        "contentHash": "gwLD2KfCuwQesP17aVh4h6lpiMPEVt5Lbpndo0ej903hNUUTtyxt3ARdDjmuydBRTAUICc7OVKVbaOvc6SQYXA=="
      },
      "Castle.Core": {
        "type": "Transitive",
        "resolved": "5.1.1",
        "contentHash": "rpYtIczkzGpf+EkZgDr9CClTdemhsrwA/W5hMoPjLkRFnXzH44zDLoovXeKtmxb1ykXK9aJVODSpiJml8CTw2g==",
        "dependencies": {
          "System.Diagnostics.EventLog": "6.0.0"
        }
      },
      "DocumentFormat.OpenXml": {
        "type": "Transitive",
        "resolved": "3.5.1",
        "contentHash": "zxdOf5VVCe/uNklbRhj8dVBzQGj3DoqkUuqOp9cAZVuN8mNYDjof1lvSQA2OQNr8Ptc9d7pbA7Azq/ReaI3FpA==",
        "dependencies": {
          "DocumentFormat.OpenXml.Framework": "3.5.1"
        }
      },
      "DocumentFormat.OpenXml.Framework": {
        "type": "Transitive",
        "resolved": "3.5.1",
        "contentHash": "U5txtc3ORno73xQx9Lf2gWzfaSZnZwKHfLkTAslhlew9lxe5XbUiCt0dY1fHeAf8yRqszUAe5i/+xLC9R/Xfsw==",
        "dependencies": {
          "System.IO.Packaging": "10.0.2"
        }
      },
      "Google.Protobuf": {
        "type": "Transitive",
        "resolved": "3.30.2",
        "contentHash": "Y2aOVLIt75yeeEWigg9V9YnjsEm53sADtLGq0gLhwaXpk3iu8tYSoauolyhenagA2sWno2TQ2WujI0HQd6s1Vw=="
      },
      "LibGit2Sharp": {
        "type": "Transitive",
        "resolved": "0.32.0",
        "contentHash": "BL3eMVRnkWWS9zbz6n0H+iDVJ9ZK7hDeiuASnHlsFvwZYTJtDuBFRRVIaH//s4VlF0baOGvCeenXbobE1JLLiQ==",
        "dependencies": {
          "LibGit2Sharp.NativeBinaries": "[2.0.324]"
        }
      },
      "LibGit2Sharp.NativeBinaries": {
        "type": "Transitive",
        "resolved": "2.0.324",
        "contentHash": "5YZVGNuO9nYFQfzRQGPGY9fdpSsABwlF2jSaZ7ydxCfjvt5Krbj/eHbXkvvgAQzp4lkjvgDrlAuuI4KTmqhDlA=="
      },
      "Microsoft.ApplicationInsights": {
        "type": "Transitive",
        "resolved": "2.23.0",
        "contentHash": "nWArUZTdU7iqZLycLKWe0TDms48KKGE6pONH2terYNa8REXiqixrMOkf1sk5DHGMaUTqONU2YkS4SAXBhLStgw=="
      },
      "Microsoft.ApplicationInsights.AspNetCore": {
        "type": "Transitive",
        "resolved": "2.23.0",
        "contentHash": "we/RsIn0Mwf/4ZNGXZixJ0lVD3pqjx2yVeKfqJybgYY/Lib8nnf+8YGJp+ULN3kOk39I0pI/7ZnF9LFy6hS3lw==",
        "dependencies": {
          "Microsoft.ApplicationInsights": "2.23.0",
          "Microsoft.ApplicationInsights.DependencyCollector": "2.23.0",
          "Microsoft.ApplicationInsights.EventCounterCollector": "2.23.0",
          "Microsoft.ApplicationInsights.PerfCounterCollector": "2.23.0",
          "Microsoft.ApplicationInsights.WindowsServer": "2.23.0",
          "Microsoft.ApplicationInsights.WindowsServer.TelemetryChannel": "2.23.0",
          "Microsoft.AspNetCore.Hosting": "2.1.1",
          "Microsoft.AspNetCore.Http": "2.1.22",
          "Microsoft.Extensions.Configuration.Json": "3.1.0",
          "Microsoft.Extensions.Logging.ApplicationInsights": "2.23.0"
        }
      },
      "Microsoft.ApplicationInsights.DependencyCollector": {
        "type": "Transitive",
        "resolved": "2.23.0",
        "contentHash": "9YRdl9SNbTxd4AafJckyoJLr5gJdnvqFivjo+PY0lQTPEncPB+z3ZABG4iDfxN9HI1aLqyRINr1/7de9Wg8ZuQ==",
        "dependencies": {
          "Microsoft.ApplicationInsights": "2.23.0"
        }
      },
      "Microsoft.ApplicationInsights.EventCounterCollector": {
        "type": "Transitive",
        "resolved": "2.23.0",
        "contentHash": "gGt0JPw2dcSeIAIefyORJBdeMz8KgAFIktu8HV/NwkiGmLyw+YtifLm6B5gvGxO15AeMsGPbmvWEIvLfq88XPw==",
        "dependencies": {
          "Microsoft.ApplicationInsights": "2.23.0"
        }
      },
      "Microsoft.ApplicationInsights.PerfCounterCollector": {
        "type": "Transitive",
        "resolved": "2.23.0",
        "contentHash": "q9ApjZfBS9O8m3aQM2oVjsGBmlE8BCFywT7UR+8aqdNuz7HpoIxw4jHy0XOBergiFX/olrJF4OyPkGxc3H5JHg==",
        "dependencies": {
          "Microsoft.ApplicationInsights": "2.23.0",
          "Microsoft.Extensions.Caching.Memory": "1.0.0",
          "System.Diagnostics.PerformanceCounter": "6.0.0"
        }
      },
      "Microsoft.ApplicationInsights.WindowsServer": {
        "type": "Transitive",
        "resolved": "2.23.0",
        "contentHash": "2B8CGfnB/tribkQAqRBhMvJYJK5TkEPMG/BB0QrlxdwVGEufayNLMveXjkQCqld9arXd6wKR1ve2XmkA0+xXKQ==",
        "dependencies": {
          "Microsoft.ApplicationInsights": "2.23.0",
          "Microsoft.ApplicationInsights.DependencyCollector": "2.23.0",
          "Microsoft.ApplicationInsights.PerfCounterCollector": "2.23.0",
          "Microsoft.ApplicationInsights.WindowsServer.TelemetryChannel": "2.23.0"
        }
      },
      "Microsoft.ApplicationInsights.WindowsServer.TelemetryChannel": {
        "type": "Transitive",
        "resolved": "2.23.0",
        "contentHash": "798Dudr4tkujslk1w+XcXOcCErmVsk+nhp+QCHLa3lcgi25vkAxBmzPUeQlRJVCNL/1f4x/YF+vQZ8RSuTXWCw==",
        "dependencies": {
          "Microsoft.ApplicationInsights": "2.23.0",
          "System.IO.FileSystem.AccessControl": "4.7.0"
        }
      },
      "Microsoft.AspNetCore.Cryptography.Internal": {
        "type": "Transitive",
        "resolved": "10.0.11",
        "contentHash": "rDS7psQk0UGKAHFg8O3Ho9E+wLz1E2O9Ppt47wtc7A5H0kI6rwTcJ7V1rxj5jN7FfD/KkS4jzbdMiVOaHGUyiQ=="
      },
      "Microsoft.AspNetCore.DataProtection": {
        "type": "Transitive",
        "resolved": "10.0.11",
        "contentHash": "1m+CJd0mookt7PzOqOv+ADZtEzS6530xYPjm2kwrI+yJILxNtD6+r80fZczYy1kAf6cwxtp+eSSFrouZ+bCBDA==",
        "dependencies": {
          "Microsoft.AspNetCore.Cryptography.Internal": "10.0.11",
          "Microsoft.AspNetCore.DataProtection.Abstractions": "10.0.11",
          "Microsoft.Extensions.DependencyInjection.Abstractions": "10.0.11",
          "Microsoft.Extensions.Hosting.Abstractions": "10.0.11",
          "Microsoft.Extensions.Logging.Abstractions": "10.0.11",
          "Microsoft.Extensions.Options": "10.0.11",
          "System.Security.Cryptography.Xml": "10.0.11"
        }
      },
      "Microsoft.AspNetCore.DataProtection.Abstractions": {
        "type": "Transitive",
        "resolved": "10.0.11",
        "contentHash": "nqpcXNw0g8nlFep5IQKEGRXyXi596uM8WNydR7VikKlokUkAr1cOZh1qstc6AotdfJg1oWUfFS+lY7wlbW3YnA=="
      },
      "Microsoft.AspNetCore.Hosting": {
        "type": "Transitive",
        "resolved": "2.1.1",
        "contentHash": "MqYc0DUxrhAPnb5b4HFspxsoJT+gJlLsliSxIgovf4BsbmpaXQId0/pDiVzLuEbmks2w1/lRfY8w0lQOuK1jQQ==",
        "dependencies": {
          "Microsoft.AspNetCore.Hosting.Abstractions": "2.1.1",
          "Microsoft.AspNetCore.Http": "2.1.1",
          "Microsoft.AspNetCore.Http.Extensions": "2.1.1",
          "Microsoft.Extensions.Configuration": "2.1.1",
          "Microsoft.Extensions.Configuration.EnvironmentVariables": "2.1.1",
          "Microsoft.Extensions.Configuration.FileExtensions": "2.1.1",
          "Microsoft.Extensions.DependencyInjection": "2.1.1",
          "Microsoft.Extensions.FileProviders.Physical": "2.1.1",
          "Microsoft.Extensions.Hosting.Abstractions": "2.1.1",
          "Microsoft.Extensions.Logging": "2.1.1",
          "Microsoft.Extensions.Options": "2.1.1"
        }
      },
      "Microsoft.AspNetCore.Hosting.Abstractions": {
        "type": "Transitive",
        "resolved": "2.1.1",
        "contentHash": "76cKcp2pWhvdV2TXTqMg/DyW7N6cDzTEhtL8vVWFShQN+Ylwv3eO/vUQr2BS3Hz4IZHEpL+FOo2T+MtymHDqDQ==",
        "dependencies": {
          "Microsoft.AspNetCore.Hosting.Server.Abstractions": "2.1.1",
          "Microsoft.AspNetCore.Http.Abstractions": "2.1.1",
          "Microsoft.Extensions.Hosting.Abstractions": "2.1.1"
        }
      },
      "Microsoft.AspNetCore.Hosting.Server.Abstractions": {
        "type": "Transitive",
        "resolved": "2.1.1",
        "contentHash": "+vD7HJYzAXNq17t+NgRkpS38cxuAyOBu8ixruOiA3nWsybozolUdALWiZ5QFtGRzajSLPFA2YsbO3NPcqoUwcw==",
        "dependencies": {
          "Microsoft.AspNetCore.Http.Features": "2.1.1",
          "Microsoft.Extensions.Configuration.Abstractions": "2.1.1"
        }
      },
      "Microsoft.AspNetCore.Http": {
        "type": "Transitive",
        "resolved": "2.1.22",
        "contentHash": "+Blk++1JWqghbl8+3azQmKhiNZA5wAepL9dY2I6KVmu2Ri07MAcvAVC888qUvO7yd7xgRgZOMfihezKg14O/2A==",
        "dependencies": {
          "Microsoft.AspNetCore.Http.Abstractions": "2.1.1",
          "Microsoft.AspNetCore.WebUtilities": "2.1.1",
          "Microsoft.Extensions.ObjectPool": "2.1.1",
          "Microsoft.Extensions.Options": "2.1.1",
          "Microsoft.Net.Http.Headers": "2.1.1"
        }
      },
      "Microsoft.AspNetCore.Http.Abstractions": {
        "type": "Transitive",
        "resolved": "2.1.1",
        "contentHash": "kQUEVOU4loc8CPSb2WoHFTESqwIa8Ik7ysCBfTwzHAd0moWovc9JQLmhDIHlYLjHbyexqZAlkq/FPRUZqokebw==",
        "dependencies": {
          "Microsoft.AspNetCore.Http.Features": "2.1.1"
        }
      },
      "Microsoft.AspNetCore.Http.Extensions": {
        "type": "Transitive",
        "resolved": "2.1.1",
        "contentHash": "ncAgV+cqsWSqjLXFUTyObGh4Tr7ShYYs3uW8Q/YpRwZn7eLV7dux5Z6GLY+rsdzmIHiia3Q2NWbLULQi7aziHw==",
        "dependencies": {
          "Microsoft.AspNetCore.Http.Abstractions": "2.1.1",
          "Microsoft.Extensions.FileProviders.Abstractions": "2.1.1",
          "Microsoft.Net.Http.Headers": "2.1.1"
        }
      },
      "Microsoft.AspNetCore.Http.Features": {
        "type": "Transitive",
        "resolved": "2.1.1",
        "contentHash": "VklZ7hWgSvHBcDtwYYkdMdI/adlf7ebxTZ9kdzAhX+gUs5jSHE9mZlTamdgf9miSsxc1QjNazHXTDJdVPZKKTw==",
        "dependencies": {
          "Microsoft.Extensions.Primitives": "2.1.1"
        }
      },
      "Microsoft.AspNetCore.WebUtilities": {
        "type": "Transitive",
        "resolved": "2.1.1",
        "contentHash": "PGKIZt4+412Z/XPoSjvYu/QIbTxcAQuEFNoA1Pw8a9mgmO0ZhNBmfaNyhgXFf7Rq62kP0tT/2WXpxdcQhkFUPA==",
        "dependencies": {
          "Microsoft.Net.Http.Headers": "2.1.1"
        }
      },
      "Microsoft.Bcl.AsyncInterfaces": {
        "type": "Transitive",
        "resolved": "10.0.3",
        "contentHash": "TV62UsrJZPX6gbt3c4WrtXh7bmaDIcMqf9uft1cc4L6gJXOU07hDGEh+bFQh/L2Az0R1WVOkiT66lFqS6G2NmA=="
      },
      "Microsoft.Bcl.Cryptography": {
        "type": "Transitive",
        "resolved": "10.0.2",
        "contentHash": "LG9Yll3B5aNpxv0+D47g6LiOiKBIlodhcHdQwcYzo8VeexFLGqx5ymetmA2aBRyo9cCcWsQWrFsdbsr8LvmWDw=="
      },
      "Microsoft.CodeCoverage": {
        "type": "Transitive",
        "resolved": "18.9.0",
        "contentHash": "MtegCIKGuG0r/LCdIjoR1HgzCGIUBhR3aNdbtQpts5vMXQuqBDZ2Jsd2uFKoHFM2XrQV6ZrDf3F5oLi3SLTp8w=="
      },
      "Microsoft.Data.SqlClient": {
        "type": "Transitive",
        "resolved": "6.1.6",
        "contentHash": "6abRPXrjjEWxcNkTomBIzBdGolYnwD0ykP+6YAynaEEfKlGe94ZSQd58pggucusp28xUA7wLo9XcvzU92ZuF6Q==",
        "dependencies": {
          "Azure.Core": "1.50.0",
          "Azure.Identity": "1.17.1",
          "Microsoft.Data.SqlClient.SNI.runtime": "6.0.2",
          "Microsoft.Extensions.Caching.Memory": "9.0.11",
          "Microsoft.Identity.Client": "4.84.2",
          "Microsoft.Identity.Client.Broker": "4.84.2",
          "Microsoft.IdentityModel.JsonWebTokens": "7.7.1",
          "Microsoft.IdentityModel.Protocols.OpenIdConnect": "7.7.1",
          "Microsoft.SqlServer.Server": "1.0.0",
          "System.Configuration.ConfigurationManager": "9.0.11",
          "System.IdentityModel.Tokens.Jwt": "7.7.1",
          "System.Security.Cryptography.Pkcs": "9.0.11"
        }
      },
      "Microsoft.Data.SqlClient.SNI.runtime": {
        "type": "Transitive",
        "resolved": "6.0.2",
        "contentHash": "f+pRODTWX7Y67jXO3T5S2dIPZ9qMJNySjlZT/TKmWVNWe19N8jcWmHaqHnnchaq3gxEKv1SWVY5EFzOD06l41w=="
      },
      "Microsoft.Data.Sqlite.Core": {
        "type": "Transitive",
        "resolved": "10.0.11",
        "contentHash": "hubA20AGenQ4Sx0ElWaPpB8DISjXpdx463+1zOGRslsT0e/t/06ITv+pHsop8CcJ0d8PZLfgnT7juCDVD79Dkw==",
        "dependencies": {
          "SQLitePCLRaw.core": "2.1.12"
        }
      },
      "Microsoft.EntityFrameworkCore": {
        "type": "Transitive",
        "resolved": "10.0.11",
        "contentHash": "VOSGU8en6HZJs8t7UMFN+9vGcRgVOOn6fA44Ngcg2NyvJ3P1KE94iAb0XzaVaGhXGtt+qaM/VtEn0/hzluQJeg==",
        "dependencies": {
          "Microsoft.EntityFrameworkCore.Abstractions": "10.0.11",
          "Microsoft.EntityFrameworkCore.Analyzers": "10.0.11",
          "Microsoft.Extensions.Caching.Memory": "10.0.11",
          "Microsoft.Extensions.Logging": "10.0.11"
        }
      },
      "Microsoft.EntityFrameworkCore.Abstractions": {
        "type": "Transitive",
        "resolved": "10.0.11",
        "contentHash": "6auJR+9+9VunznKfH7WGrHMrnrmA0F7JZ22EXzwXvVhjfnbu9Xq7NSIWaOf3KJsOanM2qf5ajJ2JR5TlcPZTLA=="
      },
      "Microsoft.EntityFrameworkCore.Analyzers": {
        "type": "Transitive",
        "resolved": "10.0.11",
        "contentHash": "Bv7X4wSSnzCQED9WYXKJ8fwgyvKwf0xZM1GO8xkf6CF9zl+UBnvjxmcPnokJRy0JKjc1SlHSzzhx1HcL4jitTQ=="
      },
      "Microsoft.EntityFrameworkCore.Relational": {
        "type": "Transitive",
        "resolved": "10.0.11",
        "contentHash": "grznnTJgEYxaWpdKAsTzg6j+89jHgCXWYp+QGtlX5O92+w/VuhWM6JLPYb+uw8M9VhGUvOTsO76dYOy9vNPd5Q==",
        "dependencies": {
          "Microsoft.EntityFrameworkCore": "10.0.11",
          "Microsoft.Extensions.Caching.Memory": "10.0.11",
          "Microsoft.Extensions.Configuration.Abstractions": "10.0.11",
          "Microsoft.Extensions.Logging": "10.0.11"
        }
      },
      "Microsoft.EntityFrameworkCore.Sqlite.Core": {
        "type": "Transitive",
        "resolved": "10.0.11",
        "contentHash": "ywTQKt32xnVhCzjEQAqFufpEyXkOUfvW/EC/s4xnS8Xaor2xXE+TMUyzhgACqXtZEU5IR95y94RDzHto55Fx7w==",
        "dependencies": {
          "Microsoft.Data.Sqlite.Core": "10.0.11",
          "Microsoft.EntityFrameworkCore.Relational": "10.0.11",
          "Microsoft.Extensions.Caching.Memory": "10.0.11",
          "Microsoft.Extensions.Configuration.Abstractions": "10.0.11",
          "Microsoft.Extensions.DependencyModel": "10.0.11",
          "Microsoft.Extensions.Logging": "10.0.11",
          "SQLitePCLRaw.core": "2.1.12"
        }
      },
      "Microsoft.Extensions.AI.Abstractions": {
        "type": "Transitive",
        "resolved": "10.8.3",
        "contentHash": "K0B05oApxmviWalNHPMBBcRC7erKiDATz3ENNR/jqTR9JwIwLRefgDhj2jCRwL1aca99pXUe0qyQC73/xIuZig=="
      },
      "Microsoft.Extensions.Caching.Abstractions": {
        "type": "Transitive",
        "resolved": "10.0.11",
        "contentHash": "vUl798SmruTqqlt/xH2gDk3tJlhk6k3HdOXAHirlRfbNKDym4g/kRpUL9S4sl6F6FsOTOMW+ZsDapqlZMOOiEw==",
        "dependencies": {
          "Microsoft.Extensions.Primitives": "10.0.11"
        }
      },
      "Microsoft.Extensions.Caching.Memory": {
        "type": "Transitive",
        "resolved": "10.0.11",
        "contentHash": "el1g0mBEbDBGY2bT9mcSfrTWO8QlPdq2nOCnvQugioOFwHV+bVBMeiakoI0dNOdj8d6Hi9K6HY2xzRUWJiDR3w==",
        "dependencies": {
          "Microsoft.Extensions.Caching.Abstractions": "10.0.11",
          "Microsoft.Extensions.DependencyInjection.Abstractions": "10.0.11",
          "Microsoft.Extensions.Logging.Abstractions": "10.0.11",
          "Microsoft.Extensions.Options": "10.0.11",
          "Microsoft.Extensions.Primitives": "10.0.11"
        }
      },
      "Microsoft.Extensions.Caching.StackExchangeRedis": {
        "type": "Transitive",
        "resolved": "10.0.11",
        "contentHash": "0SCQuU1m+BcLMjyh6q1X9j0hongN9EZx9KhgDyPgHxVa5RJ5xuHBkvcgnX95KSa5bQlkYupeQFu8IAI3NgPIUQ==",
        "dependencies": {
          "Microsoft.Extensions.Caching.Abstractions": "10.0.11",
          "Microsoft.Extensions.Logging.Abstractions": "10.0.11",
          "Microsoft.Extensions.Options": "10.0.11",
          "StackExchange.Redis": "2.7.27"
        }
      },
      "Microsoft.Extensions.Configuration": {
        "type": "Transitive",
        "resolved": "10.0.11",
        "contentHash": "wlhRqZW8LcJPa+vk2oLAc/REXDItHtkFQdf/QcXYGZbZOO13izcsKY1pCvuFQYwUiZD+hwSZwsKASjqT+BNaVg==",
        "dependencies": {
          "Microsoft.Extensions.Configuration.Abstractions": "10.0.11",
          "Microsoft.Extensions.Primitives": "10.0.11"
        }
      },
      "Microsoft.Extensions.Configuration.Abstractions": {
        "type": "Transitive",
        "resolved": "10.0.11",
        "contentHash": "fVi053xdpda9Em7vSkmgVxO/PtgC2m78ekReKWsgcyskqY0U82Bz/MONwxpGzI0hElYKJfw+fupqMVeKW3fSaA==",
        "dependencies": {
          "Microsoft.Extensions.Primitives": "10.0.11"
        }
      },
      "Microsoft.Extensions.Configuration.Binder": {
        "type": "Transitive",
        "resolved": "10.0.11",
        "contentHash": "rFn8RuszZn3qquPVkDytMUlPc2+rXl9MCoygwc1XmAgC5vg5/oXJ8hkOosOrLoBLsqdTy4lFwP6iQdPS9uSYOA==",
        "dependencies": {
          "Microsoft.Extensions.Configuration": "10.0.11",
          "Microsoft.Extensions.Configuration.Abstractions": "10.0.11"
        }
      },
      "Microsoft.Extensions.Configuration.EnvironmentVariables": {
        "type": "Transitive",
        "resolved": "2.1.1",
        "contentHash": "6xMxFIfKL+7J/jwlk8zV8I61sF3+DRG19iKQxnSfYQU+iMMjGbcWNCHFF/3MHf3o4sTZPZ8D6Io+GwKFc3TIZA==",
        "dependencies": {
          "Microsoft.Extensions.Configuration": "2.1.1"
        }
      },
      "Microsoft.Extensions.Configuration.FileExtensions": {
        "type": "Transitive",
        "resolved": "3.1.0",
        "contentHash": "OjRJIkVxUFiVkr9a39AqVThft9QHoef4But5pDCydJOXJ4D/SkmzuW1tm6J2IXynxj6qfeAz9QTnzQAvOcGvzg==",
        "dependencies": {
          "Microsoft.Extensions.Configuration": "3.1.0",
          "Microsoft.Extensions.FileProviders.Physical": "3.1.0"
        }
      },
      "Microsoft.Extensions.Configuration.Json": {
        "type": "Transitive",
        "resolved": "3.1.0",
        "contentHash": "gBpBE1GoaCf1PKYC7u0Bd4mVZ/eR2bnOvn7u8GBXEy3JGar6sC3UVpVfTB9w+biLPtzcukZynBG9uchSBbLTNQ==",
        "dependencies": {
          "Microsoft.Extensions.Configuration": "3.1.0",
          "Microsoft.Extensions.Configuration.FileExtensions": "3.1.0"
        }
      },
      "Microsoft.Extensions.DependencyInjection": {
        "type": "Transitive",
        "resolved": "10.0.11",
        "contentHash": "PSmotV19c7E3lKed++uYo1kSiXFI+uTl37CBSrhq+CfLC3FCHjG7R91+xPnNehQfHS1b0Tzo/CCLPWH3qaEheg==",
        "dependencies": {
          "Microsoft.Extensions.DependencyInjection.Abstractions": "10.0.11"
        }
      },
      "Microsoft.Extensions.DependencyInjection.Abstractions": {
        "type": "Transitive",
        "resolved": "10.0.11",
        "contentHash": "/a1aJz4m7ylhEDf25ugQChLQoN5XwoGjWw/BoR/ZWWKsO1v4DdJElS1uyngahz4B/eOzjFk1KNTkarRLE5wsIg=="
      },
      "Microsoft.Extensions.DependencyModel": {
        "type": "Transitive",
        "resolved": "10.0.11",
        "contentHash": "PJPtFYsZ+r+uz9qqXWUTEyKeJ1EiBGIJtqavkg9ZXijjGSFAk4Fgi5sqIxj+uAyLZwEKgexDUQXhWhvU6l3+og=="
      },
      "Microsoft.Extensions.Diagnostics": {
        "type": "Transitive",
        "resolved": "10.0.11",
        "contentHash": "HT70uGPxMLqqnOzKMcnQtDmeV4r0KHr4qVCLhP7SXil9jMEm8sQXwcybxVVFGXZJ1V44xV0mLqQ54aZbcR2OiQ==",
        "dependencies": {
          "Microsoft.Extensions.Configuration": "10.0.11",
          "Microsoft.Extensions.Diagnostics.Abstractions": "10.0.11",
          "Microsoft.Extensions.Options.ConfigurationExtensions": "10.0.11"
        }
      },
      "Microsoft.Extensions.Diagnostics.Abstractions": {
        "type": "Transitive",
        "resolved": "10.0.11",
        "contentHash": "se7Kx8QpJEt+nf26L4qIVAofGTDr1wbexxsh/Fm3Xc04xUkqUXK06KUS7FLwSQYSjqb7q9n+T7MEcXYBhI1Y5g==",
        "dependencies": {
          "Microsoft.Extensions.DependencyInjection.Abstractions": "10.0.11",
          "Microsoft.Extensions.Options": "10.0.11"
        }
      },
      "Microsoft.Extensions.FileProviders.Abstractions": {
        "type": "Transitive",
        "resolved": "10.0.11",
        "contentHash": "JOjac6SQQgZmdmB8WGEw61/7siqMZoWJMkmq2p1goJGxqI59lO6oB4bOl0jNsbaPBdYy5Mlkb+6U7T4+CjnD8Q==",
        "dependencies": {
          "Microsoft.Extensions.Primitives": "10.0.11"
        }
      },
      "Microsoft.Extensions.FileProviders.Physical": {
        "type": "Transitive",
        "resolved": "3.1.0",
        "contentHash": "KsvgrYp2fhNXoD9gqSu8jPK9Sbvaa7SqNtsLqHugJkCwFmgRvdz76z6Jz2tlFlC7wyMTZxwwtRF8WAorRQWTEA==",
        "dependencies": {
          "Microsoft.Extensions.FileProviders.Abstractions": "3.1.0",
          "Microsoft.Extensions.FileSystemGlobbing": "3.1.0"
        }
      },
      "Microsoft.Extensions.FileSystemGlobbing": {
        "type": "Transitive",
        "resolved": "3.1.0",
        "contentHash": "tK5HZOmVv0kUYkonMjuSsxR0CBk+Rd/69QU3eOMv9FvODGZ2d0SR+7R+n8XIgBcCCoCHJBSsI4GPRaoN3Le4rA=="
      },
      "Microsoft.Extensions.Hosting.Abstractions": {
        "type": "Transitive",
        "resolved": "10.0.11",
        "contentHash": "pwtpF7iF/NNaOBcX+pvMZ7y2+JAVbH5KkNrH9uMZtuVxVJsFTDiWiCR7Tk3HVptsAijaetipUZVRVK2LLq+nvA==",
        "dependencies": {
          "Microsoft.Extensions.Configuration.Abstractions": "10.0.11",
          "Microsoft.Extensions.DependencyInjection.Abstractions": "10.0.11",
          "Microsoft.Extensions.Diagnostics.Abstractions": "10.0.11",
          "Microsoft.Extensions.FileProviders.Abstractions": "10.0.11",
          "Microsoft.Extensions.Logging.Abstractions": "10.0.11"
        }
      },
      "Microsoft.Extensions.Http": {
        "type": "Transitive",
        "resolved": "10.0.11",
        "contentHash": "ujx8RvcKzkxPFBguwgiygbwWVHVK0P7HFlNJ6I0JBRb28tzwe42jixBoA+dGmqG9IHepPVcm04vv2IDnU93ekA==",
        "dependencies": {
          "Microsoft.Extensions.Configuration.Abstractions": "10.0.11",
          "Microsoft.Extensions.DependencyInjection.Abstractions": "10.0.11",
          "Microsoft.Extensions.Diagnostics": "10.0.11",
          "Microsoft.Extensions.Logging": "10.0.11",
          "Microsoft.Extensions.Logging.Abstractions": "10.0.11",
          "Microsoft.Extensions.Options": "10.0.11"
        }
      },
      "Microsoft.Extensions.Logging": {
        "type": "Transitive",
        "resolved": "10.0.11",
        "contentHash": "nUOJwgFkSiLHiVGFpU22pIJtuWYewuSYQ3JVuP/gdK8ASMT807Px+TYQiRWs6uSsOmoyFTaVCwKXTasczV6BpA==",
        "dependencies": {
          "Microsoft.Extensions.DependencyInjection": "10.0.11",
          "Microsoft.Extensions.Logging.Abstractions": "10.0.11",
          "Microsoft.Extensions.Options": "10.0.11"
        }
      },
      "Microsoft.Extensions.Logging.Abstractions": {
        "type": "Transitive",
        "resolved": "10.0.11",
        "contentHash": "Ljd0Uxoq5XpScD2Bg0nM/r3mwx7Ao5Uq24eo2ARxbGvqJ7Zht6rt2cJtwVRH4Cv+1ZVMdXz6TB43KbpmsxRrvQ==",
        "dependencies": {
          "Microsoft.Extensions.DependencyInjection.Abstractions": "10.0.11"
        }
      },
      "Microsoft.Extensions.Logging.ApplicationInsights": {
        "type": "Transitive",
        "resolved": "2.23.0",
        "contentHash": "JLEabPz445i1yRB0hKZVzJJE35QatRIzWlrMOiBQXr9kBJod0jkpkrBf94ln6kXu+jlEGohnXtuXacPPhybJDw==",
        "dependencies": {
          "Microsoft.ApplicationInsights": "2.23.0",
          "Microsoft.Extensions.Logging": "2.1.1"
        }
      },
      "Microsoft.Extensions.Logging.Configuration": {
        "type": "Transitive",
        "resolved": "10.0.0",
        "contentHash": "j8zcwhS6bYB6FEfaY3nYSgHdpiL2T+/V3xjpHtslVAegyI1JUbB9yAt/BFdvZdsNbY0Udm4xFtvfT/hUwcOOOg==",
        "dependencies": {
          "Microsoft.Extensions.Configuration": "10.0.0",
          "Microsoft.Extensions.Configuration.Abstractions": "10.0.0",
          "Microsoft.Extensions.Configuration.Binder": "10.0.0",
          "Microsoft.Extensions.DependencyInjection.Abstractions": "10.0.0",
          "Microsoft.Extensions.Logging": "10.0.0",
          "Microsoft.Extensions.Logging.Abstractions": "10.0.0",
          "Microsoft.Extensions.Options": "10.0.0",
          "Microsoft.Extensions.Options.ConfigurationExtensions": "10.0.0"
        }
      },
      "Microsoft.Extensions.ObjectPool": {
        "type": "Transitive",
        "resolved": "2.1.1",
        "contentHash": "SErON45qh4ogDp6lr6UvVmFYW0FERihW+IQ+2JyFv1PUyWktcJytFaWH5zarufJvZwhci7Rf1IyGXr9pVEadTw=="
      },
      "Microsoft.Extensions.Options": {
        "type": "Transitive",
        "resolved": "10.0.11",
        "contentHash": "eY1GAKcTfD2maP27J84X9IovT3yjHJ2dVDzPmDg6/XqYvt3jMzJhtfQCLjG9pVsZGAd+8DQ2QrjaDcs2+VQLGw==",
        "dependencies": {
          "Microsoft.Extensions.DependencyInjection.Abstractions": "10.0.11",
          "Microsoft.Extensions.Primitives": "10.0.11"
        }
      },
      "Microsoft.Extensions.Options.ConfigurationExtensions": {
        "type": "Transitive",
        "resolved": "10.0.11",
        "contentHash": "syEhXQ/sEaSBFaqzlp9gDGHX/nk6gkQkh1sIUpBO1mlBj3Phu1rmb4ML1uCiyPW9N6Kxfxv3y5FGObC+bV01Qw==",
        "dependencies": {
          "Microsoft.Extensions.Configuration.Abstractions": "10.0.11",
          "Microsoft.Extensions.Configuration.Binder": "10.0.11",
          "Microsoft.Extensions.DependencyInjection.Abstractions": "10.0.11",
          "Microsoft.Extensions.Options": "10.0.11",
          "Microsoft.Extensions.Primitives": "10.0.11"
        }
      },
      "Microsoft.Extensions.Primitives": {
        "type": "Transitive",
        "resolved": "10.0.11",
        "contentHash": "SXcz+kF+4Oo9b1+55zntpJFYfwb1jw66ioxptyNOOTDc8g2FHnBFWjZpsWfCvZIhzr0x+4e2trVTs4OKwQfBtw=="
      },
      "Microsoft.Identity.Client": {
        "type": "Transitive",
        "resolved": "4.84.2",
        "contentHash": "Va9FjmABSgj/lcUfHH0pBNQkmS7SNyepz2ERV7Yynp6QgEYpFdSqR6Vzy1WWipN8GS5pBHuXoZbqaDWuARCrHQ==",
        "dependencies": {
          "Microsoft.IdentityModel.Abstractions": "8.14.0"
        }
      },
      "Microsoft.Identity.Client.Broker": {
        "type": "Transitive",
        "resolved": "4.84.2",
        "contentHash": "928ySLeGz1xtvydwq6h9tv7TbxrtA4ZzavLKUqRJh0PW6BGcEJwpI8W8vf2PlQdYemGm/oyGjdzYzdY/I8r/4A==",
        "dependencies": {
          "Microsoft.Identity.Client": "4.84.2",
          "Microsoft.Identity.Client.NativeInterop": "0.20.6"
        }
      },
      "Microsoft.Identity.Client.Extensions.Msal": {
        "type": "Transitive",
        "resolved": "4.83.1",
        "contentHash": "I3k4J4Hj4KbLEFanjeUzzDOVecukETaTgEkJ7h2pP/Yazs6SLp6TVUTo/Eo+ptPXMwvc+iX7rBFtMSUrA7R+Mg==",
        "dependencies": {
          "Microsoft.Identity.Client": "4.83.1",
          "System.Security.Cryptography.ProtectedData": "4.5.0"
        }
      },
      "Microsoft.Identity.Client.NativeInterop": {
        "type": "Transitive",
        "resolved": "0.20.6",
        "contentHash": "noyfdMfVxyWpM6xUDmlW6gUvZ5ci24z7Qoy15JvynTQfZV5vTD2NEdsnT5Gy4ngViwgdIp5iRjRy10jAKXFAgw=="
      },
      "Microsoft.IdentityModel.Abstractions": {
        "type": "Transitive",
        "resolved": "8.22.0",
        "contentHash": "LU3V3owsu4vGpCg2kyL7SsQEuHwcoJ8FSNBqzLADzCf3/PcKUTcx5Plsd51DoTJMfK/WigXV/03UhaN5JXE6uQ=="
      },
      "Microsoft.IdentityModel.JsonWebTokens": {
        "type": "Transitive",
        "resolved": "8.22.0",
        "contentHash": "kv6peMLjALZLDAy2H3F77KjVRdwiscn2p/g3ui2chcbuEcAX2MpAbyDcYnJ7Vyh8jZ1aJWrniUMCDWoOgnu4NQ==",
        "dependencies": {
          "Microsoft.IdentityModel.Tokens": "8.22.0"
        }
      },
      "Microsoft.IdentityModel.Logging": {
        "type": "Transitive",
        "resolved": "8.22.0",
        "contentHash": "G9Tl0yXSlr2pkXv4EpXjO16M4q6oo9N/od+gNyOusZ8yM8LZg1H3f/QOMFuOJiV6znzY5MkAREU97JRRnqpEQw==",
        "dependencies": {
          "Microsoft.IdentityModel.Abstractions": "8.22.0"
        }
      },
      "Microsoft.IdentityModel.Protocols": {
        "type": "Transitive",
        "resolved": "8.22.0",
        "contentHash": "q7VTnFzKHOUy1L7M6FOTD0nUboDobJIPb+Sl13bQ4O0lYtpTJ9wemcuZaDYOmT/3ZKyUUCFuFjt5UReYC2dlQA==",
        "dependencies": {
          "Microsoft.IdentityModel.Tokens": "8.22.0"
        }
      },
      "Microsoft.IdentityModel.Protocols.OpenIdConnect": {
        "type": "Transitive",
        "resolved": "8.22.0",
        "contentHash": "RAStsQi0eIj2gcA6G1lVx2H39v9eCJty9bLymx4oeLzmEISxfa6MxTaZkbsp+Plccz0Uiv8r7efiaG10i3WHkg==",
        "dependencies": {
          "Microsoft.IdentityModel.Protocols": "8.22.0",
          "System.IdentityModel.Tokens.Jwt": "8.22.0"
        }
      },
      "Microsoft.IdentityModel.Tokens": {
        "type": "Transitive",
        "resolved": "8.22.0",
        "contentHash": "i4lywKKUuVmheCUA+w/q8QNPReNI0qanHI9hhz48AFqD1ljyb8sxPL2RbXOGiPV13XdJ4kxieL9ukS7tD43LxA==",
        "dependencies": {
          "Microsoft.Bcl.Cryptography": "10.0.2",
          "Microsoft.Extensions.Logging.Abstractions": "8.0.0",
          "Microsoft.IdentityModel.Logging": "8.22.0"
        }
      },
      "Microsoft.ML.Tokenizers": {
        "type": "Transitive",
        "resolved": "2.0.0",
        "contentHash": "+b8lT4cLLO/sBR2hjvE/qG6qrZG15h7/PBvnIrzTh4xDaAxdHUY6449rC+1pHzQUsBiCHZVbj+VMn+xS0sL7TA==",
        "dependencies": {
          "Google.Protobuf": "3.30.2"
        }
      },
      "Microsoft.Net.Http.Headers": {
        "type": "Transitive",
        "resolved": "2.1.1",
        "contentHash": "lPNIphl8b2EuhOE9dMH6EZDmu7pS882O+HMi5BJNsigxHaWlBrYxZHFZgE18cyaPp6SSZcTkKkuzfjV/RRQKlA==",
        "dependencies": {
          "Microsoft.Extensions.Primitives": "2.1.1"
        }
      },
      "Microsoft.SqlServer.Server": {
        "type": "Transitive",
        "resolved": "1.0.0",
        "contentHash": "N4KeF3cpcm1PUHym1RmakkzfkEv3GRMyofVv40uXsQhCQeglr2OHNcUk2WOG51AKpGO8ynGpo9M/kFXSzghwug=="
      },
      "Microsoft.TestPlatform.ObjectModel": {
        "type": "Transitive",
        "resolved": "18.9.0",
        "contentHash": "Fz/qXC52VXXopzHj7v2reCKcCqSxkTDCkEDfkNAH0vni/7qK/KLMiEYtRmnUanxO2F2g2zZZ60qCpxF0AF7URA=="
      },
      "Microsoft.TestPlatform.TestHost": {
        "type": "Transitive",
        "resolved": "18.9.0",
        "contentHash": "Oq+Pma/J86aZL72t71bcESvDszDsTjUfl6PIsuDdPoKTHZfNMhKamCfLD5fKx51W/u0KozXtJo2/3fnt0sgPxg==",
        "dependencies": {
          "Microsoft.TestPlatform.ObjectModel": "18.9.0"
        }
      },
      "ModelContextProtocol": {
        "type": "Transitive",
        "resolved": "2.2.0",
        "contentHash": "4Pb9u02Nwsp0poueDsqNdyGRojFxOYpljB7zDBsq+aHL+Afou3OgxlBc3GWFVnsRMRJrUtWqDh3s6k2JgPzmrQ==",
        "dependencies": {
          "Microsoft.Extensions.Caching.Abstractions": "10.0.10",
          "Microsoft.Extensions.Hosting.Abstractions": "10.0.10",
          "ModelContextProtocol.Core": "[2.2.0]"
        }
      },
      "ModelContextProtocol.AspNetCore": {
        "type": "Transitive",
        "resolved": "2.2.0",
        "contentHash": "3JelDMuFIwFzXybsh6K30G6wXu5gmqKnuRnieqgBMuR0FkqqXRv4B+NYZuPgthSyNq5UwRyvv2U2VJBE3RD3PQ==",
        "dependencies": {
          "ModelContextProtocol": "[2.2.0]"
        }
      },
      "ModelContextProtocol.Core": {
        "type": "Transitive",
        "resolved": "2.2.0",
        "contentHash": "FeBfXU6T8k+jw4afg4sfxdEX2rL/e5oKOk9ROOGztu9k47+7Bz08sdaToYt2XvMY1opNbwxYQOFMj6wH9TInhA==",
        "dependencies": {
          "Microsoft.Extensions.AI.Abstractions": "10.8.3",
          "Microsoft.Extensions.Logging.Abstractions": "10.0.10"
        }
      },
      "Npgsql": {
        "type": "Transitive",
        "resolved": "10.0.3",
        "contentHash": "7nb5YzXuvWWJxB0J8DiyL3we+X4FOctZrt0fIBnucOIaIevFEEwGQVZKtiu9olXdlNAK1eNgqSral6r/jlhI4w==",
        "dependencies": {
          "Microsoft.Extensions.Logging.Abstractions": "10.0.0"
        }
      },
      "Npgsql.EntityFrameworkCore.PostgreSQL": {
        "type": "Transitive",
        "resolved": "10.0.3",
        "contentHash": "IPGrrZnRkuW7OlHDhUESZz4G5DLkW7Nej/O3Cx+0iTsgyU5XJxBgpsvTHLloo3WWuAKKbDHXBvWPVkX1deRh1Q==",
        "dependencies": {
          "Microsoft.EntityFrameworkCore": "[10.0.4, 11.0.0)",
          "Microsoft.EntityFrameworkCore.Relational": "[10.0.4, 11.0.0)",
          "Npgsql": "10.0.3"
        }
      },
      "OpenAI": {
        "type": "Transitive",
        "resolved": "2.1.0",
        "contentHash": "zl72nyP4O94ZyEoCLoE8qoc5vp8kSJmRuqR+UdK+jNIjFJGWJYjsb4rAGpMWWRTbPYuk82E8myMJdVQurMLDnQ==",
        "dependencies": {
          "System.ClientModel": "1.2.1"
        }
      },
      "PdfPig": {
        "type": "Transitive",
        "resolved": "0.1.16",
        "contentHash": "qQcbsNMYVY+K5ELptax2S8thNMk0+rSQq3H/KdYj3LLcko8yTCz8y5KIvsKxIyAuTN0ZYNnfsZkM+0EvxTwHVA=="
      },
      "Pipelines.Sockets.Unofficial": {
        "type": "Transitive",
        "resolved": "2.2.8",
        "contentHash": "zG2FApP5zxSx6OcdJQLbZDk2AVlN2BNQD6MorwIfV6gVj0RRxWPEp2LXAxqDGZqeNV1Zp0BNPcNaey/GXmTdvQ=="
      },
      "Sentry": {
        "type": "Transitive",
        "resolved": "6.10.0",
        "contentHash": "jDiLbMSNuwMNJmJc5l8XaO3bgHxTbBkttqqSLQTDP415ucNM4F/Ckktg3L/Ww6v2Skcwt7wFC7vSW+f8W12Vqg=="
      },
      "Sentry.AspNetCore": {
        "type": "Transitive",
        "resolved": "6.10.0",
        "contentHash": "QftEgnzR3oM5Rb3VY7FkZLOUcqLGI+ciGO8+ScnMwNchlRkk0Tm+TLMRdS6SZASbVwkmrUW/SOMPGRgO3dcLeA==",
        "dependencies": {
          "Sentry.Extensions.Logging": "6.10.0"
        }
      },
      "Sentry.Extensions.Logging": {
        "type": "Transitive",
        "resolved": "6.10.0",
        "contentHash": "QQ4J9we3ZSTdnvP52b+GRAoVnnCy/ZKDBvRA9B4lyVD1VQnyC70HDgbzfhQk98Zm+SaH7F/UR137zAC2Vi2Wsw==",
        "dependencies": {
          "Microsoft.Extensions.Configuration.Binder": "10.0.0",
          "Microsoft.Extensions.Http": "10.0.0",
          "Microsoft.Extensions.Logging.Configuration": "10.0.0",
          "Sentry": "6.10.0"
        }
      },
      "SQLite": {
        "type": "Transitive",
        "resolved": "3.53.4",
        "contentHash": "KN7jeWqgUPeBRe1FlcpZURzxomuKKEKHmBBQfg+Nx7NkY1LjKhzHvH+3ASkNvhayESE34nMBinL9CV21JfPRJw=="
      },
      "SQLitePCLRaw.config.e_sqlite3": {
        "type": "Transitive",
        "resolved": "3.0.5",
        "contentHash": "aSk8WE5tF2MybESMgtZAEyMVCAWA0nBqOMc48HFoa9UoSdtm3goDXVzNRnefeKIwE6bV9NaNXptn1F9ReMQI0Q==",
        "dependencies": {
          "SQLitePCLRaw.provider.e_sqlite3": "3.0.5"
        }
      },
      "SQLitePCLRaw.core": {
        "type": "Transitive",
        "resolved": "3.0.5",
        "contentHash": "k81AYXXRCw3Zj8rOhyBoCsx/U97KYDFI2CSKr/ijl5BwpsW/hX/4kBiDmerFaoust8nxBwa0IHQFw8MmSHRtnQ=="
      },
      "SQLitePCLRaw.provider.e_sqlite3": {
        "type": "Transitive",
        "resolved": "3.0.5",
        "contentHash": "um8YSWduhhuskTG2bHfZrBqMNQOydfU8pcseT+cu5RivOGyoUbCrGXxgoRNTmRYw2VbMWnEZVVFcneZT/5dsBg==",
        "dependencies": {
          "SQLitePCLRaw.core": "3.0.5"
        }
      },
      "StackExchange.Redis": {
        "type": "Transitive",
        "resolved": "2.7.27",
        "contentHash": "Uqc2OQHglqj9/FfGQ6RkKFkZfHySfZlfmbCl+hc+u2I/IqunfelQ7QJi7ZhvAJxUtu80pildVX6NPLdDaUffOw==",
        "dependencies": {
          "Microsoft.Extensions.Logging.Abstractions": "6.0.0",
          "Pipelines.Sockets.Unofficial": "2.2.8"
        }
      },
      "System.ClientModel": {
        "type": "Transitive",
        "resolved": "1.11.0",
        "contentHash": "1Wl32zh7TbvN+HAO8NqDuaN0Ao2Qu/0j0NJSrXGDtpUQsTXQYJ3C6hd9/Ds2IrgP4agMQYFoXB35GZfC21ByHw==",
        "dependencies": {
          "Microsoft.Extensions.Configuration.Abstractions": "10.0.3",
          "Microsoft.Extensions.Hosting.Abstractions": "10.0.3",
          "Microsoft.Extensions.Logging.Abstractions": "10.0.3",
          "System.Memory.Data": "10.0.3"
        }
      },
      "System.Configuration.ConfigurationManager": {
        "type": "Transitive",
        "resolved": "9.0.11",
        "contentHash": "vPinosRgEk1CGjohbv0pDuz6gPprkWo5xvBTjOJjks5JOgOEWvPndq5NngGxiTcBcy1+k9GwzZ1c3Bp2fU5ezw==",
        "dependencies": {
          "System.Diagnostics.EventLog": "9.0.11",
          "System.Security.Cryptography.ProtectedData": "9.0.11"
        }
      },
      "System.Diagnostics.EventLog": {
        "type": "Transitive",
        "resolved": "9.0.11",
        "contentHash": "2Us/NchH6SM69NYWzf8NRyeftdv3ILso8LMiMdAjT7ECTiZKzddiXWhAyQj6ZzbddoAOHS9GdlPbAAkwCPID3Q=="
      },
      "System.Diagnostics.PerformanceCounter": {
        "type": "Transitive",
        "resolved": "6.0.0",
        "contentHash": "gbeE5tNp/oB7O8kTTLh3wPPJCxpNOphXPTWVs1BsYuFOYapFijWuh0LYw1qnDo4gwDUYPXOmpTIhvtxisGsYOQ==",
        "dependencies": {
          "System.Configuration.ConfigurationManager": "6.0.0"
        }
      },
      "System.IdentityModel.Tokens.Jwt": {
        "type": "Transitive",
        "resolved": "8.22.0",
        "contentHash": "CpXGfNhLl6EgYaOC9XYsc1p7Ci9HtAy0soHJDSBNGse647al4tTq9RDr+LQsrF4Ls79Dx7VfzN34km0W4DWPow==",
        "dependencies": {
          "Microsoft.IdentityModel.JsonWebTokens": "8.22.0",
          "Microsoft.IdentityModel.Tokens": "8.22.0"
        }
      },
      "System.IO.FileSystem.AccessControl": {
        "type": "Transitive",
        "resolved": "4.7.0",
        "contentHash": "vMToiarpU81LR1/KZtnT7VDPvqAZfw9oOS5nY6pPP78nGYz3COLsQH3OfzbR+SjTgltd31R6KmKklz/zDpTmzw=="
      },
      "System.IO.Hashing": {
        "type": "Transitive",
        "resolved": "10.0.3",
        "contentHash": "La6ICwsdTKhVX+LKN+pvFjQRR3LhLwq3uKdi2knjLzRyPYBSydF4cjXidYxIiTcDD6XVYdsBWQEI8ZxiZ/OdIg=="
      },
      "System.IO.Packaging": {
        "type": "Transitive",
        "resolved": "10.0.2",
        "contentHash": "JTpM4z0wpoIHHDvlCU27HsXo+zVnpWib94HXQpzzr+jc/P9NYf4w353AK4MXyGq/grm1mbLi7eXsOsDU8sGmNg=="
      },
      "System.Memory.Data": {
        "type": "Transitive",
        "resolved": "10.0.3",
        "contentHash": "MaGhRfGunmrj/nHjtsi9XkhlYJ/ERGWrbA+BiSKNtGnAjc9XlG5EhAvak6VRcX5LYzPF6pBO8nJ613dTgzabig=="
      },
      "System.Security.Cryptography.Pkcs": {
        "type": "Transitive",
        "resolved": "10.0.11",
        "contentHash": "8IV+rI3xN/Mkq9MsSX7VZTv9T9Wt+tyhHLwBX9VNZBk8m8kknEs1JeTSjI2x9M2L/fSja+c2WSE5n5Yy0GXdoQ=="
      },
      "System.Security.Cryptography.ProtectedData": {
        "type": "Transitive",
        "resolved": "9.0.11",
        "contentHash": "s8yUYuYYu+PAwvBdhLG1KyrGrk9gkYeuPxfAsXsTqqWyepwSyEw8hAaflW4nO98NG52YpYI1am2+9o+79h2RtQ=="
      },
      "System.Security.Cryptography.Xml": {
        "type": "Transitive",
        "resolved": "10.0.11",
        "contentHash": "TokfVsaU2fmcwvsU6ihLCkseVfwhLX6Tmbl3qh3nOBIqHSX4yqFllpslA+PuHERH/ENu3kwqo4deZiyT0Wvh3Q==",
        "dependencies": {
          "System.Security.Cryptography.Pkcs": "10.0.11"
        }
      },
      "xunit.abstractions": {
        "type": "Transitive",
        "resolved": "2.0.3",
        "contentHash": "pot1I4YOxlWjIb5jmwvvQNbTrZ3lJQ+jUGkGjWE3hEFM0l5gOnBWS+H3qsex68s5cO52g+44vpGzhAt+42vwKg=="
      },
      "xunit.analyzers": {
        "type": "Transitive",
        "resolved": "1.18.0",
        "contentHash": "OtFMHN8yqIcYP9wcVIgJrq01AfTxijjAqVDy/WeQVSyrDC1RzBWeQPztL49DN2syXRah8TYnfvk035s7L95EZQ=="
      },
      "xunit.assert": {
        "type": "Transitive",
        "resolved": "2.9.3",
        "contentHash": "/Kq28fCE7MjOV42YLVRAJzRF0WmEqsmflm0cfpMjGtzQ2lR5mYVj1/i0Y8uDAOLczkL3/jArrwehfMD0YogMAA=="
      },
      "xunit.core": {
        "type": "Transitive",
        "resolved": "2.9.3",
        "contentHash": "BiAEvqGvyme19wE0wTKdADH+NloYqikiU0mcnmiNyXaF9HyHmE6sr/3DC5vnBkgsWaE6yPyWszKSPSApWdRVeQ==",
        "dependencies": {
          "xunit.extensibility.core": "[2.9.3]",
          "xunit.extensibility.execution": "[2.9.3]"
        }
      },
      "xunit.extensibility.core": {
        "type": "Transitive",
        "resolved": "2.9.3",
        "contentHash": "kf3si0YTn2a8J8eZNb+zFpwfoyvIrQ7ivNk5ZYA5yuYk1bEtMe4DxJ2CF/qsRgmEnDr7MnW1mxylBaHTZ4qErA==",
        "dependencies": {
          "xunit.abstractions": "2.0.3"
        }
      },
      "xunit.extensibility.execution": {
        "type": "Transitive",
        "resolved": "2.9.3",
        "contentHash": "yMb6vMESlSrE3Wfj7V6cjQ3S4TXdXpRqYeNEI3zsX31uTsGMJjEw6oD5F5u1cHnMptjhEECnmZSsPxB6ChZHDQ==",
        "dependencies": {
          "xunit.extensibility.core": "[2.9.3]"
        }
      },
      "knowz.core": {
        "type": "Project",
        "dependencies": {
          "Ardalis.Specification": "[9.3.1, )",
          "Microsoft.Extensions.Configuration.Abstractions": "[10.0.11, )",
          "Microsoft.Extensions.Logging.Abstractions": "[10.0.11, )"
        }
      },
      "knowz.mcp": {
        "type": "Project",
        "dependencies": {
          "Knowz.Core": "[1.12.0, )",
          "Microsoft.ApplicationInsights.AspNetCore": "[2.23.0, )",
          "Microsoft.Extensions.Caching.StackExchangeRedis": "[10.0.11, )",
          "Microsoft.IdentityModel.Protocols.OpenIdConnect": "[8.22.0, )",
          "ModelContextProtocol.AspNetCore": "[2.2.0, )",
          "Sentry.AspNetCore": "[6.10.0, )",
          "System.IdentityModel.Tokens.Jwt": "[8.22.0, )"
        }
      },
      "knowz.selfhosted.application": {
        "type": "Project",
        "dependencies": {
          "Ardalis.Specification": "[9.3.1, )",
          "BCrypt.Net-Next": "[4.2.0, )",
          "Knowz.Core": "[1.12.0, )",
          "Knowz.SelfHosted.Infrastructure": "[1.0.0, )",
          "Microsoft.AspNetCore.DataProtection.Abstractions": "[10.0.11, )",
          "Microsoft.Data.SqlClient": "[6.1.6, )",
          "Microsoft.EntityFrameworkCore": "[10.0.11, )",
          "Microsoft.Extensions.Configuration.Binder": "[10.0.11, )",
          "Microsoft.Extensions.Http": "[10.0.11, )",
          "Microsoft.IdentityModel.Protocols.OpenIdConnect": "[8.22.0, )",
          "System.IdentityModel.Tokens.Jwt": "[8.22.0, )"
        }
      },
      "knowz.selfhosted.infrastructure": {
        "type": "Project",
        "dependencies": {
          "Ardalis.Specification.EntityFrameworkCore": "[9.3.1, )",
          "Azure.AI.DocumentIntelligence": "[1.0.0, )",
          "Azure.AI.OpenAI": "[2.1.0, )",
          "Azure.Identity": "[1.21.0, )",
          "Azure.Search.Documents": "[11.7.0, )",
          "Azure.Storage.Blobs": "[12.29.2, )",
          "DocumentFormat.OpenXml": "[3.5.1, )",
          "Knowz.Core": "[1.12.0, )",
          "LibGit2Sharp": "[0.32.0, )",
          "Microsoft.AspNetCore.DataProtection": "[10.0.11, )",
          "Microsoft.EntityFrameworkCore": "[10.0.11, )",
          "Microsoft.EntityFrameworkCore.Relational": "[10.0.11, )",
          "Microsoft.Extensions.Configuration": "[10.0.11, )",
          "Microsoft.Extensions.Configuration.Binder": "[10.0.11, )",
          "Microsoft.Extensions.Hosting.Abstractions": "[10.0.11, )",
          "Microsoft.Extensions.Http": "[10.0.11, )",
          "Microsoft.IdentityModel.Protocols.OpenIdConnect": "[8.22.0, )",
          "Microsoft.ML.Tokenizers": "[2.0.0, )",
          "Npgsql.EntityFrameworkCore.PostgreSQL": "[10.0.3, )",
          "PdfPig": "[0.1.16, )",
          "System.IdentityModel.Tokens.Jwt": "[8.22.0, )"
        }
      }
    }
  }
}