
Microsoft Visual Studio Solution File, Format Version 12.00
# Visual Studio Version 17
VisualStudioVersion = 17.0.31903.59
MinimumVisualStudioVersion = 10.0.40219.1
Project("{2150E333-8FDC-42A3-9474-1A3956D46DE8}") = "src", "src", "{827E0CD3-B72D-47B6-A68D-7590B98EB39B}"
EndProject
Project("{FAE04EC0-301F-11D3-BF4B-00C04F79EFBC}") = "Knowz.SelfHosted.Application", "src\Knowz.SelfHosted.Application\Knowz.SelfHosted.Application.csproj", "{702FCAA4-B5EF-4928-86BB-D16D60845670}"
EndProject
Project("{FAE04EC0-301F-11D3-BF4B-00C04F79EFBC}") = "Knowz.SelfHosted.Infrastructure", "src\Knowz.SelfHosted.Infrastructure\Knowz.SelfHosted.Infrastructure.csproj", "{E6F8A9D5-6341-448E-B626-F2032F8E8316}"
EndProject
Project("{FAE04EC0-301F-11D3-BF4B-00C04F79EFBC}") = "Knowz.SelfHosted.API", "src\Knowz.SelfHosted.API\Knowz.SelfHosted.API.csproj", "{FF260102-713F-4B11-BD82-2461854BEF43}"
EndProject
Project("{FAE04EC0-301F-11D3-BF4B-00C04F79EFBC}") = "Knowz.SelfHosted.AppHost", "src\Knowz.SelfHosted.AppHost\Knowz.SelfHosted.AppHost.csproj", "{CBB96A58-2B2D-46F2-B157-4F8CC40FBA59}"
EndProject
Project("{FAE04EC0-301F-11D3-BF4B-00C04F79EFBC}") = "Knowz.SelfHosted.Tests", "src\Knowz.SelfHosted.Tests\Knowz.SelfHosted.Tests.csproj", "{73C1C524-6C58-4726-850A-E50DBF153140}"
EndProject
Project("{FAE04EC0-301F-11D3-BF4B-00C04F79EFBC}") = "Knowz.MCP", "src\Knowz.MCP\Knowz.MCP.csproj", "{4D83F231-F05C-46DF-9861-381389A87523}"
EndProject
Project("{FAE04EC0-301F-11D3-BF4B-00C04F79EFBC}") = "Knowz.MCP.Tests", "src\Knowz.MCP.Tests\Knowz.MCP.Tests.csproj", "{1FBC9F3D-7DFE-419C-9925-6E6F23A47127}"
EndProject
Project("{FAE04EC0-301F-11D3-BF4B-00C04F79EFBC}") = "Knowz.SelfHosted.Setup", "src\Knowz.SelfHosted.Setup\Knowz.SelfHosted.Setup.csproj", "{6B8C2132-B242-4EA7-A4D1-8037C950EC37}"
EndProject
Global
	GlobalSection(SolutionConfigurationPlatforms) = preSolution
		Debug|Any CPU = Debug|Any CPU
		Debug|x64 = Debug|x64
		Debug|x86 = Debug|x86
		Release|Any CPU = Release|Any CPU
		Release|x64 = Release|x64
		Release|x86 = Release|x86
	EndGlobalSection
	GlobalSection(ProjectConfigurationPlatforms) = postSolution
		{702FCAA4-B5EF-4928-86BB-D16D60845670}.Debug|Any CPU.ActiveCfg = Debug|Any CPU
		{702FCAA4-B5EF-4928-86BB-D16D60845670}.Debug|Any CPU.Build.0 = Debug|Any CPU
		{702FCAA4-B5EF-4928-86BB-D16D60845670}.Debug|x64.ActiveCfg = Debug|Any CPU
		{702FCAA4-B5EF-4928-86BB-D16D60845670}.Debug|x64.Build.0 = Debug|Any CPU
		{702FCAA4-B5EF-4928-86BB-D16D60845670}.Debug|x86.ActiveCfg = Debug|Any CPU
		{702FCAA4-B5EF-4928-86BB-D16D60845670}.Debug|x86.Build.0 = Debug|Any CPU
		{702FCAA4-B5EF-4928-86BB-D16D60845670}.Release|Any CPU.ActiveCfg = Release|Any CPU
		{702FCAA4-B5EF-4928-86BB-D16D60845670}.Release|Any CPU.Build.0 = Release|Any CPU
		{702FCAA4-B5EF-4928-86BB-D16D60845670}.Release|x64.ActiveCfg = Release|Any CPU
		{702FCAA4-B5EF-4928-86BB-D16D60845670}.Release|x64.Build.0 = Release|Any CPU
		{702FCAA4-B5EF-4928-86BB-D16D60845670}.Release|x86.ActiveCfg = Release|Any CPU
		{702FCAA4-B5EF-4928-86BB-D16D60845670}.Release|x86.Build.0 = Release|Any CPU
		{E6F8A9D5-6341-448E-B626-F2032F8E8316}.Debug|Any CPU.ActiveCfg = Debug|Any CPU
		{E6F8A9D5-6341-448E-B626-F2032F8E8316}.Debug|Any CPU.Build.0 = Debug|Any CPU
		{E6F8A9D5-6341-448E-B626-F2032F8E8316}.Debug|x64.ActiveCfg = Debug|Any CPU
		{E6F8A9D5-6341-448E-B626-F2032F8E8316}.Debug|x64.Build.0 = Debug|Any CPU
		{E6F8A9D5-6341-448E-B626-F2032F8E8316}.Debug|x86.ActiveCfg = Debug|Any CPU
		{E6F8A9D5-6341-448E-B626-F2032F8E8316}.Debug|x86.Build.0 = Debug|Any CPU
		{E6F8A9D5-6341-448E-B626-F2032F8E8316}.Release|Any CPU.ActiveCfg = Release|Any CPU
		{E6F8A9D5-6341-448E-B626-F2032F8E8316}.Release|Any CPU.Build.0 = Release|Any CPU
		{E6F8A9D5-6341-448E-B626-F2032F8E8316}.Release|x64.ActiveCfg = Release|Any CPU
		{E6F8A9D5-6341-448E-B626-F2032F8E8316}.Release|x64.Build.0 = Release|Any CPU
		{E6F8A9D5-6341-448E-B626-F2032F8E8316}.Release|x86.ActiveCfg = Release|Any CPU
		{E6F8A9D5-6341-448E-B626-F2032F8E8316}.Release|x86.Build.0 = Release|Any CPU
		{FF260102-713F-4B11-BD82-2461854BEF43}.Debug|Any CPU.ActiveCfg = Debug|Any CPU
		{FF260102-713F-4B11-BD82-2461854BEF43}.Debug|Any CPU.Build.0 = Debug|Any CPU
		{FF260102-713F-4B11-BD82-2461854BEF43}.Debug|x64.ActiveCfg = Debug|Any CPU
		{FF260102-713F-4B11-BD82-2461854BEF43}.Debug|x64.Build.0 = Debug|Any CPU
		{FF260102-713F-4B11-BD82-2461854BEF43}.Debug|x86.ActiveCfg = Debug|Any CPU
		{FF260102-713F-4B11-BD82-2461854BEF43}.Debug|x86.Build.0 = Debug|Any CPU
		{FF260102-713F-4B11-BD82-2461854BEF43}.Release|Any CPU.ActiveCfg = Release|Any CPU
		{FF260102-713F-4B11-BD82-2461854BEF43}.Release|Any CPU.Build.0 = Release|Any CPU
		{FF260102-713F-4B11-BD82-2461854BEF43}.Release|x64.ActiveCfg = Release|Any CPU
		{FF260102-713F-4B11-BD82-2461854BEF43}.Release|x64.Build.0 = Release|Any CPU
		{FF260102-713F-4B11-BD82-2461854BEF43}.Release|x86.ActiveCfg = Release|Any CPU
		{FF260102-713F-4B11-BD82-2461854BEF43}.Release|x86.Build.0 = Release|Any CPU
		{CBB96A58-2B2D-46F2-B157-4F8CC40FBA59}.Debug|Any CPU.ActiveCfg = Debug|Any CPU
		{CBB96A58-2B2D-46F2-B157-4F8CC40FBA59}.Debug|Any CPU.Build.0 = Debug|Any CPU
		{CBB96A58-2B2D-46F2-B157-4F8CC40FBA59}.Debug|x64.ActiveCfg = Debug|Any CPU
		{CBB96A58-2B2D-46F2-B157-4F8CC40FBA59}.Debug|x64.Build.0 = Debug|Any CPU
		{CBB96A58-2B2D-46F2-B157-4F8CC40FBA59}.Debug|x86.ActiveCfg = Debug|Any CPU
		{CBB96A58-2B2D-46F2-B157-4F8CC40FBA59}.Debug|x86.Build.0 = Debug|Any CPU
		{CBB96A58-2B2D-46F2-B157-4F8CC40FBA59}.Release|Any CPU.ActiveCfg = Release|Any CPU
		{CBB96A58-2B2D-46F2-B157-4F8CC40FBA59}.Release|Any CPU.Build.0 = Release|Any CPU
		{CBB96A58-2B2D-46F2-B157-4F8CC40FBA59}.Release|x64.ActiveCfg = Release|Any CPU
		{CBB96A58-2B2D-46F2-B157-4F8CC40FBA59}.Release|x64.Build.0 = Release|Any CPU
		{CBB96A58-2B2D-46F2-B157-4F8CC40FBA59}.Release|x86.ActiveCfg = Release|Any CPU
		{CBB96A58-2B2D-46F2-B157-4F8CC40FBA59}.Release|x86.Build.0 = Release|Any CPU
		{73C1C524-6C58-4726-850A-E50DBF153140}.Debug|Any CPU.ActiveCfg = Debug|Any CPU
		{73C1C524-6C58-4726-850A-E50DBF153140}.Debug|Any CPU.Build.0 = Debug|Any CPU
		{73C1C524-6C58-4726-850A-E50DBF153140}.Debug|x64.ActiveCfg = Debug|Any CPU
		{73C1C524-6C58-4726-850A-E50DBF153140}.Debug|x64.Build.0 = Debug|Any CPU
		{73C1C524-6C58-4726-850A-E50DBF153140}.Debug|x86.ActiveCfg = Debug|Any CPU
		{73C1C524-6C58-4726-850A-E50DBF153140}.Debug|x86.Build.0 = Debug|Any CPU
		{73C1C524-6C58-4726-850A-E50DBF153140}.Release|Any CPU.ActiveCfg = Release|Any CPU
		{73C1C524-6C58-4726-850A-E50DBF153140}.Release|Any CPU.Build.0 = Release|Any CPU
		{73C1C524-6C58-4726-850A-E50DBF153140}.Release|x64.ActiveCfg = Release|Any CPU
		{73C1C524-6C58-4726-850A-E50DBF153140}.Release|x64.Build.0 = Release|Any CPU
		{73C1C524-6C58-4726-850A-E50DBF153140}.Release|x86.ActiveCfg = Release|Any CPU
		{73C1C524-6C58-4726-850A-E50DBF153140}.Release|x86.Build.0 = Release|Any CPU
		{4D83F231-F05C-46DF-9861-381389A87523}.Debug|Any CPU.ActiveCfg = Debug|Any CPU
		{4D83F231-F05C-46DF-9861-381389A87523}.Debug|Any CPU.Build.0 = Debug|Any CPU
		{4D83F231-F05C-46DF-9861-381389A87523}.Debug|x64.ActiveCfg = Debug|Any CPU
		{4D83F231-F05C-46DF-9861-381389A87523}.Debug|x64.Build.0 = Debug|Any CPU
		{4D83F231-F05C-46DF-9861-381389A87523}.Debug|x86.ActiveCfg = Debug|Any CPU
		{4D83F231-F05C-46DF-9861-381389A87523}.Debug|x86.Build.0 = Debug|Any CPU
		{4D83F231-F05C-46DF-9861-381389A87523}.Release|Any CPU.ActiveCfg = Release|Any CPU
		{4D83F231-F05C-46DF-9861-381389A87523}.Release|Any CPU.Build.0 = Release|Any CPU
		{4D83F231-F05C-46DF-9861-381389A87523}.Release|x64.ActiveCfg = Release|Any CPU
		{4D83F231-F05C-46DF-9861-381389A87523}.Release|x64.Build.0 = Release|Any CPU
		{4D83F231-F05C-46DF-9861-381389A87523}.Release|x86.ActiveCfg = Release|Any CPU
		{4D83F231-F05C-46DF-9861-381389A87523}.Release|x86.Build.0 = Release|Any CPU
		{1FBC9F3D-7DFE-419C-9925-6E6F23A47127}.Debug|Any CPU.ActiveCfg = Debug|Any CPU
		{1FBC9F3D-7DFE-419C-9925-6E6F23A47127}.Debug|Any CPU.Build.0 = Debug|Any CPU
		{1FBC9F3D-7DFE-419C-9925-6E6F23A47127}.Debug|x64.ActiveCfg = Debug|Any CPU
		{1FBC9F3D-7DFE-419C-9925-6E6F23A47127}.Debug|x64.Build.0 = Debug|Any CPU
		{1FBC9F3D-7DFE-419C-9925-6E6F23A47127}.Debug|x86.ActiveCfg = Debug|Any CPU
		{1FBC9F3D-7DFE-419C-9925-6E6F23A47127}.Debug|x86.Build.0 = Debug|Any CPU
		{1FBC9F3D-7DFE-419C-9925-6E6F23A47127}.Release|Any CPU.ActiveCfg = Release|Any CPU
		{1FBC9F3D-7DFE-419C-9925-6E6F23A47127}.Release|Any CPU.Build.0 = Release|Any CPU
		{1FBC9F3D-7DFE-419C-9925-6E6F23A47127}.Release|x64.ActiveCfg = Release|Any CPU
		{1FBC9F3D-7DFE-419C-9925-6E6F23A47127}.Release|x64.Build.0 = Release|Any CPU
		{1FBC9F3D-7DFE-419C-9925-6E6F23A47127}.Release|x86.ActiveCfg = Release|Any CPU
		{1FBC9F3D-7DFE-419C-9925-6E6F23A47127}.Release|x86.Build.0 = Release|Any CPU
		{6B8C2132-B242-4EA7-A4D1-8037C950EC37}.Debug|Any CPU.ActiveCfg = Debug|Any CPU
		{6B8C2132-B242-4EA7-A4D1-8037C950EC37}.Debug|Any CPU.Build.0 = Debug|Any CPU
		{6B8C2132-B242-4EA7-A4D1-8037C950EC37}.Debug|x64.ActiveCfg = Debug|Any CPU
		{6B8C2132-B242-4EA7-A4D1-8037C950EC37}.Debug|x64.Build.0 = Debug|Any CPU
		{6B8C2132-B242-4EA7-A4D1-8037C950EC37}.Debug|x86.ActiveCfg = Debug|Any CPU
		{6B8C2132-B242-4EA7-A4D1-8037C950EC37}.Debug|x86.Build.0 = Debug|Any CPU
		{6B8C2132-B242-4EA7-A4D1-8037C950EC37}.Release|Any CPU.ActiveCfg = Release|Any CPU
		{6B8C2132-B242-4EA7-A4D1-8037C950EC37}.Release|Any CPU.Build.0 = Release|Any CPU
		{6B8C2132-B242-4EA7-A4D1-8037C950EC37}.Release|x64.ActiveCfg = Release|Any CPU
		{6B8C2132-B242-4EA7-A4D1-8037C950EC37}.Release|x64.Build.0 = Release|Any CPU
		{6B8C2132-B242-4EA7-A4D1-8037C950EC37}.Release|x86.ActiveCfg = Release|Any CPU
		{6B8C2132-B242-4EA7-A4D1-8037C950EC37}.Release|x86.Build.0 = Release|Any CPU
	EndGlobalSection
	GlobalSection(SolutionProperties) = preSolution
		HideSolutionNode = FALSE
	EndGlobalSection
	GlobalSection(NestedProjects) = preSolution
		{702FCAA4-B5EF-4928-86BB-D16D60845670} = {827E0CD3-B72D-47B6-A68D-7590B98EB39B}
		{E6F8A9D5-6341-448E-B626-F2032F8E8316} = {827E0CD3-B72D-47B6-A68D-7590B98EB39B}
		{FF260102-713F-4B11-BD82-2461854BEF43} = {827E0CD3-B72D-47B6-A68D-7590B98EB39B}
		{CBB96A58-2B2D-46F2-B157-4F8CC40FBA59} = {827E0CD3-B72D-47B6-A68D-7590B98EB39B}
		{73C1C524-6C58-4726-850A-E50DBF153140} = {827E0CD3-B72D-47B6-A68D-7590B98EB39B}
		{4D83F231-F05C-46DF-9861-381389A87523} = {827E0CD3-B72D-47B6-A68D-7590B98EB39B}
		{1FBC9F3D-7DFE-419C-9925-6E6F23A47127} = {827E0CD3-B72D-47B6-A68D-7590B98EB39B}
		{6B8C2132-B242-4EA7-A4D1-8037C950EC37} = {827E0CD3-B72D-47B6-A68D-7590B98EB39B}
	EndGlobalSection
EndGlobal
